
Microsoft Visual Studio Solution File, Format Version 12.00
# Visual Studio Version 17
VisualStudioVersion = 17.0.32126.317
MinimumVisualStudioVersion = 10.0.40219.1
Project("{9A19103F-16F7-4668-BE54-9A1E7A4F7556}") = "VARSITY-HACKS.API", "VARSITY-HACKS.API\VARSITY-HACKS.API.csproj", "{9F4FC5FF-D923-4A57-A6ED-5E91769C4F26}"
EndProject
Project("{9A19103F-16F7-4668-BE54-9A1E7A4F7556}") = "VARSITY-HACKS.DATA", "VARSITY-HACKS.DATA\VARSITY-HACKS.DATA.csproj", "{1677467E-FB8D-44E8-8002-B716C97C72F2}"
EndProject
Project("{9A19103F-16F7-4668-BE54-9A1E7A4F7556}") = "VARSITY-HACKS.ViewModel", "VARSITY-HACKS.ViewModel\VARSITY-HACKS.ViewModel.csproj", "{BEDC06BB-0B56-406C-B967-D858994F0E34}"
EndProject
Project("{9A19103F-16F7-4668-BE54-9A1E7A4F7556}") = "VARSITY-HACKS.Repository", "VARSITY-HACKS.Repository\VARSITY-HACKS.Repository.csproj", "{8E25DAA6-1C3E-4DDA-A9D3-79E3EDAE83A4}"
EndProject
Project("{9A19103F-16F7-4668-BE54-9A1E7A4F7556}") = "VARSITY-HACKS.BusinessLogic", "VARSITY-HACKS.BusinessLogic\VARSITY-HACKS.BusinessLogic.csproj", "{F9D6D5AF-A36E-4A94-BF56-1DCD66A9E2F5}"
EndProject
Project("{9A19103F-16F7-4668-BE54-9A1E7A4F7556}") = "TimePeriod", "TimePeriod\TimePeriod.csproj", "{DC58A052-3DBF-4DD9-B456-10F19461B094}"
EndProject
Global
	GlobalSection(SolutionConfigurationPlatforms) = preSolution
		Debug|Any CPU = Debug|Any CPU
		Release|Any CPU = Release|Any CPU
	EndGlobalSection
	GlobalSection(ProjectConfigurationPlatforms) = postSolution
		{9F4FC5FF-D923-4A57-A6ED-5E91769C4F26}.Debug|Any CPU.ActiveCfg = Debug|Any CPU
		{9F4FC5FF-D923-4A57-A6ED-5E91769C4F26}.Debug|Any CPU.Build.0 = Debug|Any CPU
		{9F4FC5FF-D923-4A57-A6ED-5E91769C4F26}.Release|Any CPU.ActiveCfg = Release|Any CPU
		{9F4FC5FF-D923-4A57-A6ED-5E91769C4F26}.Release|Any CPU.Build.0 = Release|Any CPU
		{1677467E-FB8D-44E8-8002-B716C97C72F2}.Debug|Any CPU.ActiveCfg = Debug|Any CPU
		{1677467E-FB8D-44E8-8002-B716C97C72F2}.Debug|Any CPU.Build.0 = Debug|Any CPU
		{1677467E-FB8D-44E8-8002-B716C97C72F2}.Release|Any CPU.ActiveCfg = Release|Any CPU
		{1677467E-FB8D-44E8-8002-B716C97C72F2}.Release|Any CPU.Build.0 = Release|Any CPU
		{BEDC06BB-0B56-406C-B967-D858994F0E34}.Debug|Any CPU.ActiveCfg = Debug|Any CPU
		{BEDC06BB-0B56-406C-B967-D858994F0E34}.Debug|Any CPU.Build.0 = Debug|Any CPU
		{BEDC06BB-0B56-406C-B967-D858994F0E34}.Release|Any CPU.ActiveCfg = Release|Any CPU
		{BEDC06BB-0B56-406C-B967-D858994F0E34}.Release|Any CPU.Build.0 = Release|Any CPU
		{8E25DAA6-1C3E-4DDA-A9D3-79E3EDAE83A4}.Debug|Any CPU.ActiveCfg = Debug|Any CPU
		{8E25DAA6-1C3E-4DDA-A9D3-79E3EDAE83A4}.Debug|Any CPU.Build.0 = Debug|Any CPU
		{8E25DAA6-1C3E-4DDA-A9D3-79E3EDAE83A4}.Release|Any CPU.ActiveCfg = Release|Any CPU
		{8E25DAA6-1C3E-4DDA-A9D3-79E3EDAE83A4}.Release|Any CPU.Build.0 = Release|Any CPU
		{F9D6D5AF-A36E-4A94-BF56-1DCD66A9E2F5}.Debug|Any CPU.ActiveCfg = Debug|Any CPU
		{F9D6D5AF-A36E-4A94-BF56-1DCD66A9E2F5}.Debug|Any CPU.Build.0 = Debug|Any CPU
		{F9D6D5AF-A36E-4A94-BF56-1DCD66A9E2F5}.Release|Any CPU.ActiveCfg = Release|Any CPU
		{F9D6D5AF-A36E-4A94-BF56-1DCD66A9E2F5}.Release|Any CPU.Build.0 = Release|Any CPU
		{DC58A052-3DBF-4DD9-B456-10F19461B094}.Debug|Any CPU.ActiveCfg = Debug|Any CPU
		{DC58A052-3DBF-4DD9-B456-10F19461B094}.Debug|Any CPU.Build.0 = Debug|Any CPU
		{DC58A052-3DBF-4DD9-B456-10F19461B094}.Release|Any CPU.ActiveCfg = Release|Any CPU
		{DC58A052-3DBF-4DD9-B456-10F19461B094}.Release|Any CPU.Build.0 = Release|Any CPU
	EndGlobalSection
	GlobalSection(SolutionProperties) = preSolution
		HideSolutionNode = FALSE
	EndGlobalSection
	GlobalSection(ExtensibilityGlobals) = postSolution
		SolutionGuid = {74F3A59C-EDE5-4009-8FF1-918686ABA4BE}
	EndGlobalSection
EndGlobal
